# This file is automatically @generated by Cargo.
# It is not intended for manual editing.
[[package]]
name = "SecureAgg"
version = "0.1.0"
dependencies = [
 "aligned-cmov",
 "mc-oblivious-ram",
 "mc-oblivious-traits",
 "rand_core",
 "rand_hc",
 "sgx_rand",
 "sgx_tcrypto",
 "sgx_trts",
 "sgx_tstd",
 "sgx_types",
]

[[package]]
name = "aligned-array"
version = "1.0.1"
source = "registry+https://github.com/rust-lang/crates.io-index"
checksum = "e05c92d086290f52938013f6242ac62bf7d401fab8ad36798a609faa65c3fd2c"
dependencies = [
 "generic-array",
 "subtle",
]

[[package]]
name = "aligned-cmov"
version = "2.0.0"
source = "registry+https://github.com/rust-lang/crates.io-index"
checksum = "42131cad0df1f867cc8c693912fe2ba04c67f29be3378c951dac62c80554301f"
dependencies = [
 "aligned-array",
 "generic-array",
]

[[package]]
name = "balanced-tree-index"
version = "2.0.0"
source = "registry+https://github.com/rust-lang/crates.io-index"
checksum = "d6d6bd47b2008be3e67743e1a6ff23c7c49f7fea5506694915008ad79b9a3f28"
dependencies = [
 "aligned-cmov",
 "rand_core",
]

[[package]]
name = "cc"
version = "1.0.72"
source = "registry+https://github.com/rust-lang/crates.io-index"
checksum = "22a9137b95ea06864e018375b72adfb7db6e6f68cfc8df5a04d00288050485ee"

[[package]]
name = "generic-array"
version = "0.14.5"
source = "registry+https://github.com/rust-lang/crates.io-index"
checksum = "fd48d33ec7f05fbfa152300fdad764757cbded343c1aa1cff2fbaf4134851803"
dependencies = [
 "typenum",
 "version_check",
]

[[package]]
name = "hashbrown_tstd"
version = "0.9.0"

[[package]]
name = "mc-oblivious-ram"
version = "2.0.0"
source = "registry+https://github.com/rust-lang/crates.io-index"
checksum = "5315761b84f4d58c26af116531cb6f1d53084f38eeab04f8f3f69e15e532d779"
dependencies = [
 "aligned-cmov",
 "balanced-tree-index",
 "mc-oblivious-traits",
 "rand_core",
]

[[package]]
name = "mc-oblivious-traits"
version = "2.0.0"
source = "registry+https://github.com/rust-lang/crates.io-index"
checksum = "696594033b1b0d6974460924e74ed2764355055d2287982b8bc07821671f23d0"
dependencies = [
 "aligned-cmov",
 "balanced-tree-index",
 "rand_core",
]

[[package]]
name = "rand_core"
version = "0.6.3"
source = "registry+https://github.com/rust-lang/crates.io-index"
checksum = "d34f1408f55294453790c48b2f1ebbb1c5b4b7563eb1f418bcfcfdbb06ebb4e7"

[[package]]
name = "rand_hc"
version = "0.3.1"
source = "registry+https://github.com/rust-lang/crates.io-index"
checksum = "d51e9f596de227fda2ea6c84607f5558e196eeaf43c986b724ba4fb8fdf497e7"
dependencies = [
 "rand_core",
]

[[package]]
name = "sgx_alloc"
version = "1.1.3"

[[package]]
name = "sgx_backtrace_sys"
version = "1.1.3"
dependencies = [
 "cc",
 "sgx_build_helper",
 "sgx_libc",
]

[[package]]
name = "sgx_build_helper"
version = "0.1.3"

[[package]]
name = "sgx_demangle"
version = "1.1.3"

[[package]]
name = "sgx_libc"
version = "1.1.3"
dependencies = [
 "sgx_types",
]

[[package]]
name = "sgx_rand"
version = "1.1.3"
dependencies = [
 "sgx_trts",
 "sgx_tstd",
 "sgx_types",
]

[[package]]
name = "sgx_tcrypto"
version = "1.1.3"
dependencies = [
 "sgx_types",
]

[[package]]
name = "sgx_tprotected_fs"
version = "1.1.3"
dependencies = [
 "sgx_trts",
 "sgx_types",
]

[[package]]
name = "sgx_trts"
version = "1.1.3"
dependencies = [
 "sgx_libc",
 "sgx_types",
]

[[package]]
name = "sgx_tstd"
version = "1.1.3"
dependencies = [
 "hashbrown_tstd",
 "sgx_alloc",
 "sgx_backtrace_sys",
 "sgx_demangle",
 "sgx_libc",
 "sgx_tprotected_fs",
 "sgx_trts",
 "sgx_types",
 "sgx_unwind",
]

[[package]]
name = "sgx_types"
version = "1.1.3"

[[package]]
name = "sgx_unwind"
version = "0.1.1"
dependencies = [
 "sgx_build_helper",
]

[[package]]
name = "subtle"
version = "2.4.1"
source = "registry+https://github.com/rust-lang/crates.io-index"
checksum = "6bdef32e8150c2a081110b42772ffe7d7c9032b606bc226c8260fd97e0976601"

[[package]]
name = "typenum"
version = "1.15.0"
source = "registry+https://github.com/rust-lang/crates.io-index"
checksum = "dcf81ac59edc17cc8697ff311e8f5ef2d99fcbd9817b34cec66f90b6c3dfd987"

[[package]]
name = "version_check"
version = "0.9.4"
source = "registry+https://github.com/rust-lang/crates.io-index"
checksum = "49874b5167b65d7193b8aba1567f5c7d93d001cafc34600cee003eda787e483f"

[[patch.unused]]
name = "sgx_cov"
version = "1.1.3"

[[patch.unused]]
name = "sgx_crypto_helper"
version = "1.1.3"

[[patch.unused]]
name = "sgx_rand_derive"
version = "1.1.3"

[[patch.unused]]
name = "sgx_serialize"
version = "1.1.3"

[[patch.unused]]
name = "sgx_serialize_derive"
version = "1.1.3"

[[patch.unused]]
name = "sgx_serialize_derive_internals"
version = "1.1.3"

[[patch.unused]]
name = "sgx_tcrypto_helper"
version = "1.1.3"

[[patch.unused]]
name = "sgx_tdh"
version = "1.1.3"

[[patch.unused]]
name = "sgx_tkey_exchange"
version = "1.1.3"

[[patch.unused]]
name = "sgx_tse"
version = "1.1.3"

[[patch.unused]]
name = "sgx_tseal"
version = "1.1.3"

[[patch.unused]]
name = "sgx_tunittest"
version = "1.1.3"

[[patch.unused]]
name = "sgx_ucrypto"
version = "1.1.3"

[[patch.unused]]
name = "sgx_urts"
version = "1.1.3"
